plugin_id	repo	version	manifest_sha256	main_sha256	styles_sha256
better-word-count	lukeleppan/better-word-count	0.10.1	45d6a1642d7e47e01cc32b602405c651d9289714ca9a0fd1c5e22eb5979e7313	ce8ea4a7c4bb162206e5eb5b27d965883ce4b1beddae1de41fbeba0843c52dc9	f279f1989d4e099af82f0bc795beef45ee30685e9744f672dd0c8b50d64d4ee1
dataview	blacksmithgu/obsidian-dataview	0.5.68	9235db47112da81b85591c79ecb9ae2574e5e72207056e976472f90616286185	6bb1cf7010afad830e73575fca0e2bfbd3279c562e3d9d24f2d2f45161eb7d00	3306dd9032e00f989ba7233a37fd255bc4d3f4340cee661762e952f3f6aa1de9
omnisearch	scambier/obsidian-omnisearch	1.30.1	4f008822a325abad9ff6fbbdbb05a73a3fa4a2c9ec034d63f87c10a5aef1906e	cbbb3c5fab827e87f40c382672389b8e5e11511bf693611cf789f4334d7fc6dd	c6a56b1a18ff867f12ebbb3a139060a249704281e1b449003ff487969621a2e6
tag-wrangler	pjeby/tag-wrangler	0.6.5	271a93e605b09f689fb4b05af1f73f5080e0876fc247635e4fe9e2c2d88ada96	f390bf135135033cb2b8485438af42efb993ddd93255ac0836016e112ee9ab20	-
templater-obsidian	SilentVoid13/Templater	2.25.0	75985188fac8b518eebb791370a24dae1a2476cce3912de4709778dbde0171e4	6a29790e8ad3bb3de5bcc7381588f20093b2dbecc1ff27d8a5d7ed3fcebbdf4e	eb94063be602679f397e3e35fcb7f6a4b027da82e17c213bb44a267c6b45d8de
quickadd	chhoumann/quickadd	2.22.0	c0e603f4cdc211be477484a669e0546c6e4821abe6974859466ee11f99fa5b45	365a5c20c8336f81743bc180bdd2a617cdaea3b96dab2f20be5f77f91269e125	729d8362fc6c518633c12caae1c7bb5051a9ebe9aaf62cfe39fb895002fe04b7
obsidian-linter	platers/obsidian-linter	1.32.0	ebe2da23394289758e13020fe2932e2f930acb20bce65f61fc233902de6ec839	1b4f44bf929024cf78dd5e60a655f7cffdf7ff49f8f55695a01591f8f69e3416	e64117e999ea0594fc9840f00a3b6f8133b5df12340cb564124b77934b424269
obsidian-tasks-plugin	obsidian-tasks-group/obsidian-tasks	8.3.0	cb42d563bbcd5fe5510017ac035d701305fc6068cafd8538257e547a167f9637	170ac0af4160812fe6c5412b961b2222a97c5423ad978a538109c6d3321f0f52	dad84c7f98a6e90d80aeebb5c65be749be312f03842b51e8f6a031eb22ec9ce2
smart-connections	brianpetro/obsidian-smart-connections	4.7.2	781506575bc026f94923789b0377214908889e4ae13289391d0e94c58727fa32	f5b1e045e9427a7b7ffc43cd46ba7e0b9223adcc856037d4e0571dc7a9c08083	5892f589156b29078642513ae56ed1e513eb9b04b6ce4fd89fbacdd395bf6580
obsidian-style-settings	obsidian-community/obsidian-style-settings	1.0.9	9cffdc20cf2aa1354820e0050b694b0f9b576446e3d5d44a36ae8b0187e5bfb8	1828abaacdab4c5578b705a625c585b30512f8efad4c7cfc5a18e70cc3557468	ee7937d2be50653a89ccb30ae5f0572b23507d5b7f1328d005271a363075bfd8
